
Microsoft Visual Studio Solution File, Format Version 12.00
# Visual Studio Version 17
VisualStudioVersion = 17.13.35931.197 d17.13
MinimumVisualStudioVersion = 10.0.40219.1
Project("{FAE04EC0-301F-11D3-BF4B-00C04F79EFBC}") = "formulario", "formulario.csproj", "{DC3A2DC6-BD72-421A-8311-A393296F2994}"
EndProject
Global
	GlobalSection(SolutionConfigurationPlatforms) = preSolution
		Debug|Any CPU = Debug|Any CPU
		Release|Any CPU = Release|Any CPU
	EndGlobalSection
	GlobalSection(ProjectConfigurationPlatforms) = postSolution
		{DC3A2DC6-BD72-421A-8311-A393296F2994}.Debug|Any CPU.ActiveCfg = Debug|Any CPU
		{DC3A2DC6-BD72-421A-8311-A393296F2994}.Debug|Any CPU.Build.0 = Debug|Any CPU
		{DC3A2DC6-BD72-421A-8311-A393296F2994}.Release|Any CPU.ActiveCfg = Release|Any CPU
		{DC3A2DC6-BD72-421A-8311-A393296F2994}.Release|Any CPU.Build.0 = Release|Any CPU
	EndGlobalSection
	GlobalSection(SolutionProperties) = preSolution
		HideSolutionNode = FALSE
	EndGlobalSection
	GlobalSection(ExtensibilityGlobals) = postSolution
		SolutionGuid = {1F06D044-6CAA-49D1-99A1-6C8CD4CCCA84}
	EndGlobalSection
EndGlobal
